// !$*UTF8*$!
{
	archiveVersion = 1;
	classes = {
	};
	objectVersion = 56;
	objects = {

/* Begin PBXBuildFile section */
		1D27512929125FE400DBDA6D /* AppDelegate.swift in Sources */ = {isa = PBXBuildFile; fileRef = 1D27512829125FE400DBDA6D /* AppDelegate.swift */; };
		1D27512D29125FE400DBDA6D /* ViewController.swift in Sources */ = {isa = PBXBuildFile; fileRef = 1D27512C29125FE400DBDA6D /* ViewController.swift */; };
		1D27513229125FE500DBDA6D /* Assets.xcassets in Resources */ = {isa = PBXBuildFile; fileRef = 1D27513129125FE500DBDA6D /* Assets.xcassets */; };
		1D27513529125FE500DBDA6D /* LaunchScreen.storyboard in Resources */ = {isa = PBXBuildFile; fileRef = 1D27513329125FE500DBDA6D /* LaunchScreen.storyboard */; };
		1DC7B6B5291D32DA0057868B /* StartAssembly.swift in Sources */ = {isa = PBXBuildFile; fileRef = 1DC7B6B4291D32DA0057868B /* StartAssembly.swift */; };
		1DC7B6B7291D33060057868B /* StartPresenter.swift in Sources */ = {isa = PBXBuildFile; fileRef = 1DC7B6B6291D33060057868B /* StartPresenter.swift */; };
		1DC7B6B9291D33230057868B /* StartViewController.swift in Sources */ = {isa = PBXBuildFile; fileRef = 1DC7B6B8291D33230057868B /* StartViewController.swift */; };
		1DC7B6BB291D33330057868B /* StartViewInput.swift in Sources */ = {isa = PBXBuildFile; fileRef = 1DC7B6BA291D33330057868B /* StartViewInput.swift */; };
		1DC7B6BD291D33400057868B /* StartViewOutput.swift in Sources */ = {isa = PBXBuildFile; fileRef = 1DC7B6BC291D33400057868B /* StartViewOutput.swift */; };
		1DC7B6BF291D33490057868B /* Start.storyboard in Resources */ = {isa = PBXBuildFile; fileRef = 1DC7B6BE291D33490057868B /* Start.storyboard */; };
		1DC7B6C2291D36410057868B /* UIButton + Ext.swift in Sources */ = {isa = PBXBuildFile; fileRef = 1DC7B6C1291D36410057868B /* UIButton + Ext.swift */; };
		1DC7B6C7291D38810057868B /* GuessNumberAssembly.swift in Sources */ = {isa = PBXBuildFile; fileRef = 1DC7B6C6291D38810057868B /* GuessNumberAssembly.swift */; };
		1DC7B6C9291D388C0057868B /* GuessNumberPresenter.swift in Sources */ = {isa = PBXBuildFile; fileRef = 1DC7B6C8291D388C0057868B /* GuessNumberPresenter.swift */; };
		1DC7B6CB291D389D0057868B /* GuessNumberViewController.swift in Sources */ = {isa = PBXBuildFile; fileRef = 1DC7B6CA291D389D0057868B /* GuessNumberViewController.swift */; };
		1DC7B6CD291D38A90057868B /* GuessNumberViewInput.swift in Sources */ = {isa = PBXBuildFile; fileRef = 1DC7B6CC291D38A90057868B /* GuessNumberViewInput.swift */; };
		1DC7B6CF291D38B70057868B /* GuessNumberViewOutput.swift in Sources */ = {isa = PBXBuildFile; fileRef = 1DC7B6CE291D38B70057868B /* GuessNumberViewOutput.swift */; };
		1DC7B6D1291D38BF0057868B /* GuessNumber.storyboard in Resources */ = {isa = PBXBuildFile; fileRef = 1DC7B6D0291D38BF0057868B /* GuessNumber.storyboard */; };
		1DC7B6D6291D54580057868B /* ComputerGuessing.storyboard in Resources */ = {isa = PBXBuildFile; fileRef = 1DC7B6D5291D54580057868B /* ComputerGuessing.storyboard */; };
		1DC7B6D8291D546B0057868B /* ComputerGuessingAssembly.swift in Sources */ = {isa = PBXBuildFile; fileRef = 1DC7B6D7291D546B0057868B /* ComputerGuessingAssembly.swift */; };
		1DC7B6DA291D54740057868B /* ComputerGuessingPresenter.swift in Sources */ = {isa = PBXBuildFile; fileRef = 1DC7B6D9291D54740057868B /* ComputerGuessingPresenter.swift */; };
		1DC7B6DC291D547E0057868B /* ComputerGuessingViewController.swift in Sources */ = {isa = PBXBuildFile; fileRef = 1DC7B6DB291D547E0057868B /* ComputerGuessingViewController.swift */; };
		1DC7B6DE291D54880057868B /* ComputerGuessingViewInput.swift in Sources */ = {isa = PBXBuildFile; fileRef = 1DC7B6DD291D54880057868B /* ComputerGuessingViewInput.swift */; };
		1DC7B6E0291D54940057868B /* ComputerGuessingViewOutput.swift in Sources */ = {isa = PBXBuildFile; fileRef = 1DC7B6DF291D54940057868B /* ComputerGuessingViewOutput.swift */; };
		1DC7B6E4291D6BB70057868B /* String + Ext.swift in Sources */ = {isa = PBXBuildFile; fileRef = 1DC7B6E3291D6BB70057868B /* String + Ext.swift */; };
/* End PBXBuildFile section */

/* Begin PBXFileReference section */
		1D27512529125FE400DBDA6D /* Guess the number.app */ = {isa = PBXFileReference; explicitFileType = wrapper.application; includeInIndex = 0; path = "Guess the number.app"; sourceTree = BUILT_PRODUCTS_DIR; };
		1D27512829125FE400DBDA6D /* AppDelegate.swift */ = {isa = PBXFileReference; lastKnownFileType = sourcecode.swift; path = AppDelegate.swift; sourceTree = "<group>"; };
		1D27512C29125FE400DBDA6D /* ViewController.swift */ = {isa = PBXFileReference; lastKnownFileType = sourcecode.swift; path = ViewController.swift; sourceTree = "<group>"; };
		1D27513129125FE500DBDA6D /* Assets.xcassets */ = {isa = PBXFileReference; lastKnownFileType = folder.assetcatalog; path = Assets.xcassets; sourceTree = "<group>"; };
		1D27513429125FE500DBDA6D /* Base */ = {isa = PBXFileReference; lastKnownFileType = file.storyboard; name = Base; path = Base.lproj/LaunchScreen.storyboard; sourceTree = "<group>"; };
		1D27513629125FE500DBDA6D /* Info.plist */ = {isa = PBXFileReference; lastKnownFileType = text.plist.xml; path = Info.plist; sourceTree = "<group>"; };
		1DC7B6B4291D32DA0057868B /* StartAssembly.swift */ = {isa = PBXFileReference; lastKnownFileType = sourcecode.swift; path = StartAssembly.swift; sourceTree = "<group>"; };
		1DC7B6B6291D33060057868B /* StartPresenter.swift */ = {isa = PBXFileReference; lastKnownFileType = sourcecode.swift; path = StartPresenter.swift; sourceTree = "<group>"; };
		1DC7B6B8291D33230057868B /* StartViewController.swift */ = {isa = PBXFileReference; lastKnownFileType = sourcecode.swift; path = StartViewController.swift; sourceTree = "<group>"; };
		1DC7B6BA291D33330057868B /* StartViewInput.swift */ = {isa = PBXFileReference; lastKnownFileType = sourcecode.swift; path = StartViewInput.swift; sourceTree = "<group>"; };
		1DC7B6BC291D33400057868B /* StartViewOutput.swift */ = {isa = PBXFileReference; lastKnownFileType = sourcecode.swift; path = StartViewOutput.swift; sourceTree = "<group>"; };
		1DC7B6BE291D33490057868B /* Start.storyboard */ = {isa = PBXFileReference; lastKnownFileType = file.storyboard; path = Start.storyboard; sourceTree = "<group>"; };
		1DC7B6C1291D36410057868B /* UIButton + Ext.swift */ = {isa = PBXFileReference; lastKnownFileType = sourcecode.swift; path = "UIButton + Ext.swift"; sourceTree = "<group>"; };
		1DC7B6C6291D38810057868B /* GuessNumberAssembly.swift */ = {isa = PBXFileReference; lastKnownFileType = sourcecode.swift; path = GuessNumberAssembly.swift; sourceTree = "<group>"; };
		1DC7B6C8291D388C0057868B /* GuessNumberPresenter.swift */ = {isa = PBXFileReference; lastKnownFileType = sourcecode.swift; path = GuessNumberPresenter.swift; sourceTree = "<group>"; };
		1DC7B6CA291D389D0057868B /* GuessNumberViewController.swift */ = {isa = PBXFileReference; lastKnownFileType = sourcecode.swift; path = GuessNumberViewController.swift; sourceTree = "<group>"; };
		1DC7B6CC291D38A90057868B /* GuessNumberViewInput.swift */ = {isa = PBXFileReference; lastKnownFileType = sourcecode.swift; path = GuessNumberViewInput.swift; sourceTree = "<group>"; };
		1DC7B6CE291D38B70057868B /* GuessNumberViewOutput.swift */ = {isa = PBXFileReference; lastKnownFileType = sourcecode.swift; path = GuessNumberViewOutput.swift; sourceTree = "<group>"; };
		1DC7B6D0291D38BF0057868B /* GuessNumber.storyboard */ = {isa = PBXFileReference; lastKnownFileType = file.storyboard; path = GuessNumber.storyboard; sourceTree = "<group>"; };
		1DC7B6D5291D54580057868B /* ComputerGuessing.storyboard */ = {isa = PBXFileReference; lastKnownFileType = file.storyboard; path = ComputerGuessing.storyboard; sourceTree = "<group>"; };
		1DC7B6D7291D546B0057868B /* ComputerGuessingAssembly.swift */ = {isa = PBXFileReference; lastKnownFileType = sourcecode.swift; path = ComputerGuessingAssembly.swift; sourceTree = "<group>"; };
		1DC7B6D9291D54740057868B /* ComputerGuessingPresenter.swift */ = {isa = PBXFileReference; lastKnownFileType = sourcecode.swift; path = ComputerGuessingPresenter.swift; sourceTree = "<group>"; };
		1DC7B6DB291D547E0057868B /* ComputerGuessingViewController.swift */ = {isa = PBXFileReference; lastKnownFileType = sourcecode.swift; path = ComputerGuessingViewController.swift; sourceTree = "<group>"; };
		1DC7B6DD291D54880057868B /* ComputerGuessingViewInput.swift */ = {isa = PBXFileReference; lastKnownFileType = sourcecode.swift; path = ComputerGuessingViewInput.swift; sourceTree = "<group>"; };
		1DC7B6DF291D54940057868B /* ComputerGuessingViewOutput.swift */ = {isa = PBXFileReference; lastKnownFileType = sourcecode.swift; path = ComputerGuessingViewOutput.swift; sourceTree = "<group>"; };
		1DC7B6E3291D6BB70057868B /* String + Ext.swift */ = {isa = PBXFileReference; lastKnownFileType = sourcecode.swift; path = "String + Ext.swift"; sourceTree = "<group>"; };
/* End PBXFileReference section */

/* Begin PBXFrameworksBuildPhase section */
		1D27512229125FE400DBDA6D /* Frameworks */ = {
			isa = PBXFrameworksBuildPhase;
			buildActionMask = 2147483647;
			files = (
			);
			runOnlyForDeploymentPostprocessing = 0;
		};
/* End PBXFrameworksBuildPhase section */

/* Begin PBXGroup section */
		1D27511C29125FE400DBDA6D = {
			isa = PBXGroup;
			children = (
				1D27512729125FE400DBDA6D /* Guess the number */,
				1D27512629125FE400DBDA6D /* Products */,
			);
			sourceTree = "<group>";
		};
		1D27512629125FE400DBDA6D /* Products */ = {
			isa = PBXGroup;
			children = (
				1D27512529125FE400DBDA6D /* Guess the number.app */,
			);
			name = Products;
			sourceTree = "<group>";
		};
		1D27512729125FE400DBDA6D /* Guess the number */ = {
			isa = PBXGroup;
			children = (
				1D27513C2912619800DBDA6D /* Application */,
				1D2751422912621600DBDA6D /* Start */,
				1D2751412912620900DBDA6D /* GuessNumber */,
				1D275140291261F900DBDA6D /* ComputerGuessing */,
				1D27513F291261DE00DBDA6D /* PlayerNumberGuessing */,
				1D27513E291261D000DBDA6D /* GameResult */,
				1DC7B6C0291D36250057868B /* Extensions */,
				1D27513D291261A100DBDA6D /* SupportingFiles */,
				1D27512C29125FE400DBDA6D /* ViewController.swift */,
			);
			path = "Guess the number";
			sourceTree = "<group>";
		};
		1D27513C2912619800DBDA6D /* Application */ = {
			isa = PBXGroup;
			children = (
				1D27512829125FE400DBDA6D /* AppDelegate.swift */,
			);
			path = Application;
			sourceTree = "<group>";
		};
		1D27513D291261A100DBDA6D /* SupportingFiles */ = {
			isa = PBXGroup;
			children = (
				1D27513129125FE500DBDA6D /* Assets.xcassets */,
				1D27513329125FE500DBDA6D /* LaunchScreen.storyboard */,
				1D27513629125FE500DBDA6D /* Info.plist */,
			);
			path = SupportingFiles;
			sourceTree = "<group>";
		};
		1D27513E291261D000DBDA6D /* GameResult */ = {
			isa = PBXGroup;
			children = (
			);
			path = GameResult;
			sourceTree = "<group>";
		};
		1D27513F291261DE00DBDA6D /* PlayerNumberGuessing */ = {
			isa = PBXGroup;
			children = (
			);
			path = PlayerNumberGuessing;
			sourceTree = "<group>";
		};
		1D275140291261F900DBDA6D /* ComputerGuessing */ = {
			isa = PBXGroup;
			children = (
				1DC7B6D4291D543C0057868B /* Assembly */,
				1DC7B6D3291D54350057868B /* Presenter */,
				1DC7B6D2291D542B0057868B /* View */,
				1DC7B6D5291D54580057868B /* ComputerGuessing.storyboard */,
			);
			path = ComputerGuessing;
			sourceTree = "<group>";
		};
		1D2751412912620900DBDA6D /* GuessNumber */ = {
			isa = PBXGroup;
			children = (
				1DC7B6C5291D38650057868B /* Assembly */,
				1DC7B6C4291D385C0057868B /* Presenter */,
				1DC7B6C3291D38540057868B /* View */,
				1DC7B6D0291D38BF0057868B /* GuessNumber.storyboard */,
			);
			path = GuessNumber;
			sourceTree = "<group>";
		};
		1D2751422912621600DBDA6D /* Start */ = {
			isa = PBXGroup;
			children = (
				1DC7B6B3291D32840057868B /* Assembly */,
				1DC7B6B2291D32760057868B /* Presenter */,
				1DC7B6B1291D326A0057868B /* View */,
				1DC7B6BE291D33490057868B /* Start.storyboard */,
			);
			path = Start;
			sourceTree = "<group>";
		};
		1DC7B6B1291D326A0057868B /* View */ = {
			isa = PBXGroup;
			children = (
				1DC7B6B8291D33230057868B /* StartViewController.swift */,
				1DC7B6BA291D33330057868B /* StartViewInput.swift */,
				1DC7B6BC291D33400057868B /* StartViewOutput.swift */,
			);
			path = View;
			sourceTree = "<group>";
		};
		1DC7B6B2291D32760057868B /* Presenter */ = {
			isa = PBXGroup;
			children = (
				1DC7B6B6291D33060057868B /* StartPresenter.swift */,
			);
			path = Presenter;
			sourceTree = "<group>";
		};
		1DC7B6B3291D32840057868B /* Assembly */ = {
			isa = PBXGroup;
			children = (
				1DC7B6B4291D32DA0057868B /* StartAssembly.swift */,
			);
			path = Assembly;
			sourceTree = "<group>";
		};
		1DC7B6C0291D36250057868B /* Extensions */ = {
			isa = PBXGroup;
			children = (
				1DC7B6C1291D36410057868B /* UIButton + Ext.swift */,
				1DC7B6E3291D6BB70057868B /* String + Ext.swift */,
			);
			path = Extensions;
			sourceTree = "<group>";
		};
		1DC7B6C3291D38540057868B /* View */ = {
			isa = PBXGroup;
			children = (
				1DC7B6CA291D389D0057868B /* GuessNumberViewController.swift */,
				1DC7B6CC291D38A90057868B /* GuessNumberViewInput.swift */,
				1DC7B6CE291D38B70057868B /* GuessNumberViewOutput.swift */,
			);
			path = View;
			sourceTree = "<group>";
		};
		1DC7B6C4291D385C0057868B /* Presenter */ = {
			isa = PBXGroup;
			children = (
				1DC7B6C8291D388C0057868B /* GuessNumberPresenter.swift */,
			);
			path = Presenter;
			sourceTree = "<group>";
		};
		1DC7B6C5291D38650057868B /* Assembly */ = {
			isa = PBXGroup;
			children = (
				1DC7B6C6291D38810057868B /* GuessNumberAssembly.swift */,
			);
			path = Assembly;
			sourceTree = "<group>";
		};
		1DC7B6D2291D542B0057868B /* View */ = {
			isa = PBXGroup;
			children = (
				1DC7B6DB291D547E0057868B /* ComputerGuessingViewController.swift */,
				1DC7B6DD291D54880057868B /* ComputerGuessingViewInput.swift */,
				1DC7B6DF291D54940057868B /* ComputerGuessingViewOutput.swift */,
			);
			path = View;
			sourceTree = "<group>";
		};
		1DC7B6D3291D54350057868B /* Presenter */ = {
			isa = PBXGroup;
			children = (
				1DC7B6D9291D54740057868B /* ComputerGuessingPresenter.swift */,
			);
			path = Presenter;
			sourceTree = "<group>";
		};
		1DC7B6D4291D543C0057868B /* Assembly */ = {
			isa = PBXGroup;
			children = (
				1DC7B6D7291D546B0057868B /* ComputerGuessingAssembly.swift */,
			);
			path = Assembly;
			sourceTree = "<group>";
		};
/* End PBXGroup section */

/* Begin PBXNativeTarget section */
		1D27512429125FE400DBDA6D /* Guess the number */ = {
			isa = PBXNativeTarget;
			buildConfigurationList = 1D27513929125FE500DBDA6D /* Build configuration list for PBXNativeTarget "Guess the number" */;
			buildPhases = (
				1D27512129125FE400DBDA6D /* Sources */,
				1D27512229125FE400DBDA6D /* Frameworks */,
				1D27512329125FE400DBDA6D /* Resources */,
			);
			buildRules = (
			);
			dependencies = (
			);
			name = "Guess the number";
			productName = "Guess the number";
			productReference = 1D27512529125FE400DBDA6D /* Guess the number.app */;
			productType = "com.apple.product-type.application";
		};
/* End PBXNativeTarget section */

/* Begin PBXProject section */
		1D27511D29125FE400DBDA6D /* Project object */ = {
			isa = PBXProject;
			attributes = {
				BuildIndependentTargetsInParallel = 1;
				LastSwiftUpdateCheck = 1400;
				LastUpgradeCheck = 1400;
				TargetAttributes = {
					1D27512429125FE400DBDA6D = {
						CreatedOnToolsVersion = 14.0.1;
					};
				};
			};
			buildConfigurationList = 1D27512029125FE400DBDA6D /* Build configuration list for PBXProject "Guess the number" */;
			compatibilityVersion = "Xcode 14.0";
			developmentRegion = en;
			hasScannedForEncodings = 0;
			knownRegions = (
				en,
				Base,
			);
			mainGroup = 1D27511C29125FE400DBDA6D;
			productRefGroup = 1D27512629125FE400DBDA6D /* Products */;
			projectDirPath = "";
			projectRoot = "";
			targets = (
				1D27512429125FE400DBDA6D /* Guess the number */,
			);
		};
/* End PBXProject section */

/* Begin PBXResourcesBuildPhase section */
		1D27512329125FE400DBDA6D /* Resources */ = {
			isa = PBXResourcesBuildPhase;
			buildActionMask = 2147483647;
			files = (
				1D27513529125FE500DBDA6D /* LaunchScreen.storyboard in Resources */,
				1DC7B6D1291D38BF0057868B /* GuessNumber.storyboard in Resources */,
				1D27513229125FE500DBDA6D /* Assets.xcassets in Resources */,
				1DC7B6D6291D54580057868B /* ComputerGuessing.storyboard in Resources */,
				1DC7B6BF291D33490057868B /* Start.storyboard in Resources */,
			);
			runOnlyForDeploymentPostprocessing = 0;
		};
/* End PBXResourcesBuildPhase section */

/* Begin PBXSourcesBuildPhase section */
		1D27512129125FE400DBDA6D /* Sources */ = {
			isa = PBXSourcesBuildPhase;
			buildActionMask = 2147483647;
			files = (
				1DC7B6BB291D33330057868B /* StartViewInput.swift in Sources */,
				1DC7B6B9291D33230057868B /* StartViewController.swift in Sources */,
				1DC7B6E0291D54940057868B /* ComputerGuessingViewOutput.swift in Sources */,
				1DC7B6DC291D547E0057868B /* ComputerGuessingViewController.swift in Sources */,
				1D27512D29125FE400DBDA6D /* ViewController.swift in Sources */,
				1DC7B6CB291D389D0057868B /* GuessNumberViewController.swift in Sources */,
				1DC7B6CD291D38A90057868B /* GuessNumberViewInput.swift in Sources */,
				1DC7B6E4291D6BB70057868B /* String + Ext.swift in Sources */,
				1DC7B6B7291D33060057868B /* StartPresenter.swift in Sources */,
				1DC7B6DA291D54740057868B /* ComputerGuessingPresenter.swift in Sources */,
				1DC7B6BD291D33400057868B /* StartViewOutput.swift in Sources */,
				1DC7B6DE291D54880057868B /* ComputerGuessingViewInput.swift in Sources */,
				1DC7B6C9291D388C0057868B /* GuessNumberPresenter.swift in Sources */,
				1DC7B6C7291D38810057868B /* GuessNumberAssembly.swift in Sources */,
				1DC7B6C2291D36410057868B /* UIButton + Ext.swift in Sources */,
				1D27512929125FE400DBDA6D /* AppDelegate.swift in Sources */,
				1DC7B6CF291D38B70057868B /* GuessNumberViewOutput.swift in Sources */,
				1DC7B6B5291D32DA0057868B /* StartAssembly.swift in Sources */,
				1DC7B6D8291D546B0057868B /* ComputerGuessingAssembly.swift in Sources */,
			);
			runOnlyForDeploymentPostprocessing = 0;
		};
/* End PBXSourcesBuildPhase section */

/* Begin PBXVariantGroup section */
		1D27513329125FE500DBDA6D /* LaunchScreen.storyboard */ = {
			isa = PBXVariantGroup;
			children = (
				1D27513429125FE500DBDA6D /* Base */,
			);
			name = LaunchScreen.storyboard;
			sourceTree = "<group>";
		};
/* End PBXVariantGroup section */

/* Begin XCBuildConfiguration section */
		1D27513729125FE500DBDA6D /* Debug */ = {
			isa = XCBuildConfiguration;
			buildSettings = {
				ALWAYS_SEARCH_USER_PATHS = NO;
				CLANG_ANALYZER_NONNULL = YES;
				CLANG_ANALYZER_NUMBER_OBJECT_CONVERSION = YES_AGGRESSIVE;
				CLANG_CXX_LANGUAGE_STANDARD = "gnu++20";
				CLANG_ENABLE_MODULES = YES;
				CLANG_ENABLE_OBJC_ARC = YES;
				CLANG_ENABLE_OBJC_WEAK = YES;
				CLANG_WARN_BLOCK_CAPTURE_AUTORELEASING = YES;
				CLANG_WARN_BOOL_CONVERSION = YES;
				CLANG_WARN_COMMA = YES;
				CLANG_WARN_CONSTANT_CONVERSION = YES;
				CLANG_WARN_DEPRECATED_OBJC_IMPLEMENTATIONS = YES;
				CLANG_WARN_DIRECT_OBJC_ISA_USAGE = YES_ERROR;
				CLANG_WARN_DOCUMENTATION_COMMENTS = YES;
				CLANG_WARN_EMPTY_BODY = YES;
				CLANG_WARN_ENUM_CONVERSION = YES;
				CLANG_WARN_INFINITE_RECURSION = YES;
				CLANG_WARN_INT_CONVERSION = YES;
				CLANG_WARN_NON_LITERAL_NULL_CONVERSION = YES;
				CLANG_WARN_OBJC_IMPLICIT_RETAIN_SELF = YES;
				CLANG_WARN_OBJC_LITERAL_CONVERSION = YES;
				CLANG_WARN_OBJC_ROOT_CLASS = YES_ERROR;
				CLANG_WARN_QUOTED_INCLUDE_IN_FRAMEWORK_HEADER = YES;
				CLANG_WARN_RANGE_LOOP_ANALYSIS = YES;
				CLANG_WARN_STRICT_PROTOTYPES = YES;
				CLANG_WARN_SUSPICIOUS_MOVE = YES;
				CLANG_WARN_UNGUARDED_AVAILABILITY = YES_AGGRESSIVE;
				CLANG_WARN_UNREACHABLE_CODE = YES;
				CLANG_WARN__DUPLICATE_METHOD_MATCH = YES;
				COPY_PHASE_STRIP = NO;
				DEBUG_INFORMATION_FORMAT = dwarf;
				ENABLE_STRICT_OBJC_MSGSEND = YES;
				ENABLE_TESTABILITY = YES;
				GCC_C_LANGUAGE_STANDARD = gnu11;
				GCC_DYNAMIC_NO_PIC = NO;
				GCC_NO_COMMON_BLOCKS = YES;
				GCC_OPTIMIZATION_LEVEL = 0;
				GCC_PREPROCESSOR_DEFINITIONS = (
					"DEBUG=1",
					"$(inherited)",
				);
				GCC_WARN_64_TO_32_BIT_CONVERSION = YES;
				GCC_WARN_ABOUT_RETURN_TYPE = YES_ERROR;
				GCC_WARN_UNDECLARED_SELECTOR = YES;
				GCC_WARN_UNINITIALIZED_AUTOS = YES_AGGRESSIVE;
				GCC_WARN_UNUSED_FUNCTION = YES;
				GCC_WARN_UNUSED_VARIABLE = YES;
				IPHONEOS_DEPLOYMENT_TARGET = 16.0;
				MTL_ENABLE_DEBUG_INFO = INCLUDE_SOURCE;
				MTL_FAST_MATH = YES;
				ONLY_ACTIVE_ARCH = YES;
				SDKROOT = iphoneos;
				SWIFT_ACTIVE_COMPILATION_CONDITIONS = DEBUG;
				SWIFT_OPTIMIZATION_LEVEL = "-Onone";
			};
			name = Debug;
		};
		1D27513829125FE500DBDA6D /* Release */ = {
			isa = XCBuildConfiguration;
			buildSettings = {
				ALWAYS_SEARCH_USER_PATHS = NO;
				CLANG_ANALYZER_NONNULL = YES;
				CLANG_ANALYZER_NUMBER_OBJECT_CONVERSION = YES_AGGRESSIVE;
				CLANG_CXX_LANGUAGE_STANDARD = "gnu++20";
				CLANG_ENABLE_MODULES = YES;
				CLANG_ENABLE_OBJC_ARC = YES;
				CLANG_ENABLE_OBJC_WEAK = YES;
				CLANG_WARN_BLOCK_CAPTURE_AUTORELEASING = YES;
				CLANG_WARN_BOOL_CONVERSION = YES;
				CLANG_WARN_COMMA = YES;
				CLANG_WARN_CONSTANT_CONVERSION = YES;
				CLANG_WARN_DEPRECATED_OBJC_IMPLEMENTATIONS = YES;
				CLANG_WARN_DIRECT_OBJC_ISA_USAGE = YES_ERROR;
				CLANG_WARN_DOCUMENTATION_COMMENTS = YES;
				CLANG_WARN_EMPTY_BODY = YES;
				CLANG_WARN_ENUM_CONVERSION = YES;
				CLANG_WARN_INFINITE_RECURSION = YES;
				CLANG_WARN_INT_CONVERSION = YES;
				CLANG_WARN_NON_LITERAL_NULL_CONVERSION = YES;
				CLANG_WARN_OBJC_IMPLICIT_RETAIN_SELF = YES;
				CLANG_WARN_OBJC_LITERAL_CONVERSION = YES;
				CLANG_WARN_OBJC_ROOT_CLASS = YES_ERROR;
				CLANG_WARN_QUOTED_INCLUDE_IN_FRAMEWORK_HEADER = YES;
				CLANG_WARN_RANGE_LOOP_ANALYSIS = YES;
				CLANG_WARN_STRICT_PROTOTYPES = YES;
				CLANG_WARN_SUSPICIOUS_MOVE = YES;
				CLANG_WARN_UNGUARDED_AVAILABILITY = YES_AGGRESSIVE;
				CLANG_WARN_UNREACHABLE_CODE = YES;
				CLANG_WARN__DUPLICATE_METHOD_MATCH = YES;
				COPY_PHASE_STRIP = NO;
				DEBUG_INFORMATION_FORMAT = "dwarf-with-dsym";
				ENABLE_NS_ASSERTIONS = NO;
				ENABLE_STRICT_OBJC_MSGSEND = YES;
				GCC_C_LANGUAGE_STANDARD = gnu11;
				GCC_NO_COMMON_BLOCKS = YES;
				GCC_WARN_64_TO_32_BIT_CONVERSION = YES;
				GCC_WARN_ABOUT_RETURN_TYPE = YES_ERROR;
				GCC_WARN_UNDECLARED_SELECTOR = YES;
				GCC_WARN_UNINITIALIZED_AUTOS = YES_AGGRESSIVE;
				GCC_WARN_UNUSED_FUNCTION = YES;
				GCC_WARN_UNUSED_VARIABLE = YES;
				IPHONEOS_DEPLOYMENT_TARGET = 16.0;
				MTL_ENABLE_DEBUG_INFO = NO;
				MTL_FAST_MATH = YES;
				SDKROOT = iphoneos;
				SWIFT_COMPILATION_MODE = wholemodule;
				SWIFT_OPTIMIZATION_LEVEL = "-O";
				VALIDATE_PRODUCT = YES;
			};
			name = Release;
		};
		1D27513A29125FE500DBDA6D /* Debug */ = {
			isa = XCBuildConfiguration;
			buildSettings = {
				ASSETCATALOG_COMPILER_APPICON_NAME = AppIcon;
				ASSETCATALOG_COMPILER_GLOBAL_ACCENT_COLOR_NAME = AccentColor;
				CODE_SIGN_STYLE = Automatic;
				CURRENT_PROJECT_VERSION = 1;
				DEVELOPMENT_TEAM = V8V72KCX9X;
				GENERATE_INFOPLIST_FILE = YES;
				INFOPLIST_FILE = "Guess the number/SupportingFiles/Info.plist";
				INFOPLIST_KEY_UIApplicationSupportsIndirectInputEvents = YES;
				INFOPLIST_KEY_UILaunchStoryboardName = LaunchScreen;
				INFOPLIST_KEY_UISupportedInterfaceOrientations_iPad = "UIInterfaceOrientationPortrait UIInterfaceOrientationPortraitUpsideDown UIInterfaceOrientationLandscapeLeft UIInterfaceOrientationLandscapeRight";
				INFOPLIST_KEY_UISupportedInterfaceOrientations_iPhone = "UIInterfaceOrientationPortrait UIInterfaceOrientationLandscapeLeft UIInterfaceOrientationLandscapeRight";
				LD_RUNPATH_SEARCH_PATHS = (
					"$(inherited)",
					"@executable_path/Frameworks",
				);
				MARKETING_VERSION = 1.0;
				PRODUCT_BUNDLE_IDENTIFIER = "RAMENSKII.Guess-the-number";
				PRODUCT_NAME = "$(TARGET_NAME)";
				SUPPORTED_PLATFORMS = "iphoneos iphonesimulator";
				SUPPORTS_MACCATALYST = NO;
				SUPPORTS_MAC_DESIGNED_FOR_IPHONE_IPAD = NO;
				SWIFT_EMIT_LOC_STRINGS = YES;
				SWIFT_VERSION = 5.0;
				TARGETED_DEVICE_FAMILY = 1;
			};
			name = Debug;
		};
		1D27513B29125FE500DBDA6D /* Release */ = {
			isa = XCBuildConfiguration;
			buildSettings = {
				ASSETCATALOG_COMPILER_APPICON_NAME = AppIcon;
				ASSETCATALOG_COMPILER_GLOBAL_ACCENT_COLOR_NAME = AccentColor;
				CODE_SIGN_STYLE = Automatic;
				CURRENT_PROJECT_VERSION = 1;
				DEVELOPMENT_TEAM = V8V72KCX9X;
				GENERATE_INFOPLIST_FILE = YES;
				INFOPLIST_FILE = "Guess the number/SupportingFiles/Info.plist";
				INFOPLIST_KEY_UIApplicationSupportsIndirectInputEvents = YES;
				INFOPLIST_KEY_UILaunchStoryboardName = LaunchScreen;
				INFOPLIST_KEY_UISupportedInterfaceOrientations_iPad = "UIInterfaceOrientationPortrait UIInterfaceOrientationPortraitUpsideDown UIInterfaceOrientationLandscapeLeft UIInterfaceOrientationLandscapeRight";
				INFOPLIST_KEY_UISupportedInterfaceOrientations_iPhone = "UIInterfaceOrientationPortrait UIInterfaceOrientationLandscapeLeft UIInterfaceOrientationLandscapeRight";
				LD_RUNPATH_SEARCH_PATHS = (
					"$(inherited)",
					"@executable_path/Frameworks",
				);
				MARKETING_VERSION = 1.0;
				PRODUCT_BUNDLE_IDENTIFIER = "RAMENSKII.Guess-the-number";
				PRODUCT_NAME = "$(TARGET_NAME)";
				SUPPORTED_PLATFORMS = "iphoneos iphonesimulator";
				SUPPORTS_MACCATALYST = NO;
				SUPPORTS_MAC_DESIGNED_FOR_IPHONE_IPAD = NO;
				SWIFT_EMIT_LOC_STRINGS = YES;
				SWIFT_VERSION = 5.0;
				TARGETED_DEVICE_FAMILY = 1;
			};
			name = Release;
		};
/* End XCBuildConfiguration section */

/* Begin XCConfigurationList section */
		1D27512029125FE400DBDA6D /* Build configuration list for PBXProject "Guess the number" */ = {
			isa = XCConfigurationList;
			buildConfigurations = (
				1D27513729125FE500DBDA6D /* Debug */,
				1D27513829125FE500DBDA6D /* Release */,
			);
			defaultConfigurationIsVisible = 0;
			defaultConfigurationName = Release;
		};
		1D27513929125FE500DBDA6D /* Build configuration list for PBXNativeTarget "Guess the number" */ = {
			isa = XCConfigurationList;
			buildConfigurations = (
				1D27513A29125FE500DBDA6D /* Debug */,
				1D27513B29125FE500DBDA6D /* Release */,
			);
			defaultConfigurationIsVisible = 0;
			defaultConfigurationName = Release;
		};
/* End XCConfigurationList section */
	};
	rootObject = 1D27511D29125FE400DBDA6D /* Project object */;
}
